
Microsoft Visual Studio Solution File, Format Version 12.00
# Visual Studio 15
VisualStudioVersion = 15.0.28307.136
MinimumVisualStudioVersion = 10.0.40219.1
Project("{FAE04EC0-301F-11D3-BF4B-00C04F79EFBC}") = "WF_Stream_Analyzer", "WF_Stream_Analyzer\WF_Stream_Analyzer.csproj", "{05530593-F7B5-4C9A-B994-31B617808B16}"
EndProject
Project("{8BC9CEB8-8B4A-11D0-8D11-00A0C91BC942}") = "DLL_Stream_Analyzer", "DLL_Stream_Analyzer\DLL_Stream_Analyzer.vcxproj", "{3BA6FEA0-8106-48D5-AF3F-1BE6EF2F23DF}"
EndProject
Global
	GlobalSection(SolutionConfigurationPlatforms) = preSolution
		Debug|Any CPU = Debug|Any CPU
		Debug|x64 = Debug|x64
		Debug|x86 = Debug|x86
		Release|Any CPU = Release|Any CPU
		Release|x64 = Release|x64
		Release|x86 = Release|x86
	EndGlobalSection
	GlobalSection(ProjectConfigurationPlatforms) = postSolution
		{05530593-F7B5-4C9A-B994-31B617808B16}.Debug|Any CPU.ActiveCfg = Debug|Any CPU
		{05530593-F7B5-4C9A-B994-31B617808B16}.Debug|Any CPU.Build.0 = Debug|Any CPU
		{05530593-F7B5-4C9A-B994-31B617808B16}.Debug|x64.ActiveCfg = Debug|Any CPU
		{05530593-F7B5-4C9A-B994-31B617808B16}.Debug|x64.Build.0 = Debug|Any CPU
		{05530593-F7B5-4C9A-B994-31B617808B16}.Debug|x86.ActiveCfg = Debug|Any CPU
		{05530593-F7B5-4C9A-B994-31B617808B16}.Debug|x86.Build.0 = Debug|Any CPU
		{05530593-F7B5-4C9A-B994-31B617808B16}.Release|Any CPU.ActiveCfg = Release|Any CPU
		{05530593-F7B5-4C9A-B994-31B617808B16}.Release|Any CPU.Build.0 = Release|Any CPU
		{05530593-F7B5-4C9A-B994-31B617808B16}.Release|x64.ActiveCfg = Release|Any CPU
		{05530593-F7B5-4C9A-B994-31B617808B16}.Release|x64.Build.0 = Release|Any CPU
		{05530593-F7B5-4C9A-B994-31B617808B16}.Release|x86.ActiveCfg = Release|Any CPU
		{05530593-F7B5-4C9A-B994-31B617808B16}.Release|x86.Build.0 = Release|Any CPU
		{3BA6FEA0-8106-48D5-AF3F-1BE6EF2F23DF}.Debug|Any CPU.ActiveCfg = Debug|Win32
		{3BA6FEA0-8106-48D5-AF3F-1BE6EF2F23DF}.Debug|x64.ActiveCfg = Debug|x64
		{3BA6FEA0-8106-48D5-AF3F-1BE6EF2F23DF}.Debug|x64.Build.0 = Debug|x64
		{3BA6FEA0-8106-48D5-AF3F-1BE6EF2F23DF}.Debug|x86.ActiveCfg = Debug|Win32
		{3BA6FEA0-8106-48D5-AF3F-1BE6EF2F23DF}.Debug|x86.Build.0 = Debug|Win32
		{3BA6FEA0-8106-48D5-AF3F-1BE6EF2F23DF}.Release|Any CPU.ActiveCfg = Release|Win32
		{3BA6FEA0-8106-48D5-AF3F-1BE6EF2F23DF}.Release|x64.ActiveCfg = Release|x64
		{3BA6FEA0-8106-48D5-AF3F-1BE6EF2F23DF}.Release|x64.Build.0 = Release|x64
		{3BA6FEA0-8106-48D5-AF3F-1BE6EF2F23DF}.Release|x86.ActiveCfg = Release|Win32
		{3BA6FEA0-8106-48D5-AF3F-1BE6EF2F23DF}.Release|x86.Build.0 = Release|Win32
	EndGlobalSection
	GlobalSection(SolutionProperties) = preSolution
		HideSolutionNode = FALSE
	EndGlobalSection
	GlobalSection(ExtensibilityGlobals) = postSolution
		SolutionGuid = {B0106308-A065-4B43-8BF8-EAEA9D951BA6}
	EndGlobalSection
EndGlobal
